
Microsoft Visual Studio Solution File, Format Version 12.00
# Visual Studio Version 17
VisualStudioVersion = 17.6.33815.320
MinimumVisualStudioVersion = 10.0.40219.1
Project("{FAE04EC0-301F-11D3-BF4B-00C04F79EFBC}") = "FilmesAPI", "FilmesAPI.csproj", "{69805DB2-A5CC-4193-998C-8D89E7EFBB5E}"
EndProject
Global
	GlobalSection(SolutionConfigurationPlatforms) = preSolution
		Debug|Any CPU = Debug|Any CPU
		Release|Any CPU = Release|Any CPU
	EndGlobalSection
	GlobalSection(ProjectConfigurationPlatforms) = postSolution
		{69805DB2-A5CC-4193-998C-8D89E7EFBB5E}.Debug|Any CPU.ActiveCfg = Debug|Any CPU
		{69805DB2-A5CC-4193-998C-8D89E7EFBB5E}.Debug|Any CPU.Build.0 = Debug|Any CPU
		{69805DB2-A5CC-4193-998C-8D89E7EFBB5E}.Release|Any CPU.ActiveCfg = Release|Any CPU
		{69805DB2-A5CC-4193-998C-8D89E7EFBB5E}.Release|Any CPU.Build.0 = Release|Any CPU
	EndGlobalSection
	GlobalSection(SolutionProperties) = preSolution
		HideSolutionNode = FALSE
	EndGlobalSection
	GlobalSection(ExtensibilityGlobals) = postSolution
		SolutionGuid = {7A2CE338-59A0-4557-90B3-BB378B52DE08}
	EndGlobalSection
EndGlobal
